{
  "name": "momot-mcp",
  "version": "1.0.0",
  "lockfileVersion": 3,
  "requires": true,
  "packages": {
    "": {
      "name": "momot-mcp",
      "version": "1.0.0",
      "dependencies": {
        "@modelcontextprotocol/sdk": "^1.11.0",
        "zod": "^3.24.1"
      }
    }
  },
  "dependencies": {
    "@modelcontextprotocol/sdk": {
      "version": "1.11.0"
    },
    "zod": {
      "version": "3.24.1"
    }
  }
}
